
Microsoft Visual Studio Solution File, Format Version 12.00
# Visual Studio Version 17
VisualStudioVersion = 17.9.34616.47
MinimumVisualStudioVersion = 10.0.40219.1
Project("{FAE04EC0-301F-11D3-BF4B-00C04F79EFBC}") = "revit-scripts", "revit-scripts.csproj", "{5A9031B2-7861-441E-944B-DCC044F8F8FA}"
EndProject
Global
	GlobalSection(SolutionConfigurationPlatforms) = preSolution
		Debug|Any CPU = Debug|Any CPU
		Debug|x64 = Debug|x64
		Release|Any CPU = Release|Any CPU
		Release|x64 = Release|x64
	EndGlobalSection
	GlobalSection(ProjectConfigurationPlatforms) = postSolution
		{5A9031B2-7861-441E-944B-DCC044F8F8FA}.Debug|Any CPU.ActiveCfg = Debug|Any CPU
		{5A9031B2-7861-441E-944B-DCC044F8F8FA}.Debug|Any CPU.Build.0 = Debug|Any CPU
		{5A9031B2-7861-441E-944B-DCC044F8F8FA}.Debug|x64.ActiveCfg = Debug|x64
		{5A9031B2-7861-441E-944B-DCC044F8F8FA}.Debug|x64.Build.0 = Debug|x64
		{5A9031B2-7861-441E-944B-DCC044F8F8FA}.Release|Any CPU.ActiveCfg = Release|Any CPU
		{5A9031B2-7861-441E-944B-DCC044F8F8FA}.Release|Any CPU.Build.0 = Release|Any CPU
		{5A9031B2-7861-441E-944B-DCC044F8F8FA}.Release|x64.ActiveCfg = Release|x64
		{5A9031B2-7861-441E-944B-DCC044F8F8FA}.Release|x64.Build.0 = Release|x64
	EndGlobalSection
	GlobalSection(SolutionProperties) = preSolution
		HideSolutionNode = FALSE
	EndGlobalSection
	GlobalSection(ExtensibilityGlobals) = postSolution
		SolutionGuid = {9B72FF50-C385-4F8A-AD7C-9C3E798B0487}
	EndGlobalSection
EndGlobal
